
Microsoft Visual Studio Solution File, Format Version 12.00
# Visual Studio Version 17
VisualStudioVersion = 17.0.31903.59
MinimumVisualStudioVersion = 10.0.40219.1
Project("{2150E333-8FDC-42A3-9474-1A3956D46DE8}") = "src", "src", "{827E0CD3-B72D-47B6-A68D-7590B98EB39B}"
EndProject
Project("{FAE04EC0-301F-11D3-BF4B-00C04F79EFBC}") = "Harbor.App", "src\Harbor.App\Harbor.App.csproj", "{1833E659-16D9-4809-BE7D-C0308A85DE43}"
EndProject
Project("{FAE04EC0-301F-11D3-BF4B-00C04F79EFBC}") = "Harbor.Cli", "src\Harbor.Cli\Harbor.Cli.csproj", "{0105D430-5D57-474E-B208-FD46C8B9F34D}"
EndProject
Project("{FAE04EC0-301F-11D3-BF4B-00C04F79EFBC}") = "Harbor.Core", "src\Harbor.Core\Harbor.Core.csproj", "{C2245CA6-E559-436D-9A8F-475037D1DC7B}"
EndProject
Project("{FAE04EC0-301F-11D3-BF4B-00C04F79EFBC}") = "Harbor.Data", "src\Harbor.Data\Harbor.Data.csproj", "{393B0BE7-049A-41EE-AE5A-1A7671CB4800}"
EndProject
Project("{FAE04EC0-301F-11D3-BF4B-00C04F79EFBC}") = "Harbor.Ipc", "src\Harbor.Ipc\Harbor.Ipc.csproj", "{503BA879-6FFF-4110-99CC-E3BB5339B6F5}"
EndProject
Project("{FAE04EC0-301F-11D3-BF4B-00C04F79EFBC}") = "Harbor.Plugins", "src\Harbor.Plugins\Harbor.Plugins.csproj", "{CABD199E-2D52-440F-9FFA-708F532CB698}"
EndProject
Project("{FAE04EC0-301F-11D3-BF4B-00C04F79EFBC}") = "Harbor.Protocols.Azure", "src\Harbor.Protocols.Azure\Harbor.Protocols.Azure.csproj", "{BD6ACC9A-0F09-4455-AB87-7899A57A88BB}"
EndProject
Project("{FAE04EC0-301F-11D3-BF4B-00C04F79EFBC}") = "Harbor.Protocols.Docker", "src\Harbor.Protocols.Docker\Harbor.Protocols.Docker.csproj", "{8AC94C86-42BF-4827-B5E7-FEFA0D0F868C}"
EndProject
Project("{FAE04EC0-301F-11D3-BF4B-00C04F79EFBC}") = "Harbor.Protocols.Ftp", "src\Harbor.Protocols.Ftp\Harbor.Protocols.Ftp.csproj", "{73536BE0-6565-4F13-A35F-1F1897B3019F}"
EndProject
Project("{FAE04EC0-301F-11D3-BF4B-00C04F79EFBC}") = "Harbor.Protocols.Gcs", "src\Harbor.Protocols.Gcs\Harbor.Protocols.Gcs.csproj", "{6E295509-E9A6-4379-B387-1E371E8C4838}"
EndProject
Project("{FAE04EC0-301F-11D3-BF4B-00C04F79EFBC}") = "Harbor.Protocols.Kubernetes", "src\Harbor.Protocols.Kubernetes\Harbor.Protocols.Kubernetes.csproj", "{931EE38C-11DA-4159-8FD6-D06121E55477}"
EndProject
Project("{FAE04EC0-301F-11D3-BF4B-00C04F79EFBC}") = "Harbor.Protocols.S3", "src\Harbor.Protocols.S3\Harbor.Protocols.S3.csproj", "{617059DE-D374-430C-BB3A-F4DF8DA46648}"
EndProject
Project("{FAE04EC0-301F-11D3-BF4B-00C04F79EFBC}") = "Harbor.Protocols.Ssh", "src\Harbor.Protocols.Ssh\Harbor.Protocols.Ssh.csproj", "{6BE91C2F-892C-4B32-AE71-E4A06641D1B1}"
EndProject
Project("{FAE04EC0-301F-11D3-BF4B-00C04F79EFBC}") = "Harbor.Protocols.WebDav", "src\Harbor.Protocols.WebDav\Harbor.Protocols.WebDav.csproj", "{3FFF661A-70EB-4265-B233-B6050D20DB4D}"
EndProject
Project("{FAE04EC0-301F-11D3-BF4B-00C04F79EFBC}") = "Harbor.Security", "src\Harbor.Security\Harbor.Security.csproj", "{2491ABAA-191D-437A-A4DC-DFE350CEB3F6}"
EndProject
Project("{FAE04EC0-301F-11D3-BF4B-00C04F79EFBC}") = "Harbor.Services", "src\Harbor.Services\Harbor.Services.csproj", "{4E6F3567-0E31-45A2-B357-3F89938CA9FF}"
EndProject
Project("{FAE04EC0-301F-11D3-BF4B-00C04F79EFBC}") = "Harbor.Terminal", "src\Harbor.Terminal\Harbor.Terminal.csproj", "{FFD091BB-5122-46B4-A23F-7C5040AACEBC}"
EndProject
Project("{FAE04EC0-301F-11D3-BF4B-00C04F79EFBC}") = "Harbor.UI", "src\Harbor.UI\Harbor.UI.csproj", "{61FCA554-92D0-477B-BA33-653FE94697A4}"
EndProject
Project("{2150E333-8FDC-42A3-9474-1A3956D46DE8}") = "tests", "tests", "{0AB3BF05-4346-4AA6-1389-037BE0695223}"
EndProject
Project("{FAE04EC0-301F-11D3-BF4B-00C04F79EFBC}") = "Harbor.Core.Tests", "tests\Harbor.Core.Tests\Harbor.Core.Tests.csproj", "{C0057A3D-65C1-4674-93F0-ADD78BD84AF8}"
EndProject
Project("{FAE04EC0-301F-11D3-BF4B-00C04F79EFBC}") = "Harbor.E2E.Tests", "tests\Harbor.E2E.Tests\Harbor.E2E.Tests.csproj", "{BA00E56F-4A87-426A-8355-264E8DB76DFF}"
EndProject
Project("{FAE04EC0-301F-11D3-BF4B-00C04F79EFBC}") = "Harbor.Protocols.Ssh.Tests", "tests\Harbor.Protocols.Ssh.Tests\Harbor.Protocols.Ssh.Tests.csproj", "{60A58331-E7A5-4B27-BA6E-9C1FD7AD17E3}"
EndProject
Project("{FAE04EC0-301F-11D3-BF4B-00C04F79EFBC}") = "Harbor.Security.Tests", "tests\Harbor.Security.Tests\Harbor.Security.Tests.csproj", "{83E3EA30-EDF2-419C-A581-87CC79CF90D1}"
EndProject
Project("{FAE04EC0-301F-11D3-BF4B-00C04F79EFBC}") = "Harbor.Services.Tests", "tests\Harbor.Services.Tests\Harbor.Services.Tests.csproj", "{4DEE6382-E0BD-4814-A52D-E5025107CFF2}"
EndProject
Project("{FAE04EC0-301F-11D3-BF4B-00C04F79EFBC}") = "Harbor.Data.Tests", "tests\Harbor.Data.Tests\Harbor.Data.Tests.csproj", "{BF5F8EEE-60F6-4CC3-AF21-078E3AAC0488}"
EndProject
Project("{FAE04EC0-301F-11D3-BF4B-00C04F79EFBC}") = "Harbor.Data.TestSupport", "tests\Harbor.Data.TestSupport\Harbor.Data.TestSupport.csproj", "{F8F0B2CB-77AE-4B08-874C-9D82EB6BBC8C}"
EndProject
Global
	GlobalSection(SolutionConfigurationPlatforms) = preSolution
		Debug|Any CPU = Debug|Any CPU
		Debug|x64 = Debug|x64
		Debug|x86 = Debug|x86
		Release|Any CPU = Release|Any CPU
		Release|x64 = Release|x64
		Release|x86 = Release|x86
	EndGlobalSection
	GlobalSection(ProjectConfigurationPlatforms) = postSolution
		{1833E659-16D9-4809-BE7D-C0308A85DE43}.Debug|Any CPU.ActiveCfg = Debug|Any CPU
		{1833E659-16D9-4809-BE7D-C0308A85DE43}.Debug|Any CPU.Build.0 = Debug|Any CPU
		{1833E659-16D9-4809-BE7D-C0308A85DE43}.Debug|x64.ActiveCfg = Debug|Any CPU
		{1833E659-16D9-4809-BE7D-C0308A85DE43}.Debug|x64.Build.0 = Debug|Any CPU
		{1833E659-16D9-4809-BE7D-C0308A85DE43}.Debug|x86.ActiveCfg = Debug|Any CPU
		{1833E659-16D9-4809-BE7D-C0308A85DE43}.Debug|x86.Build.0 = Debug|Any CPU
		{1833E659-16D9-4809-BE7D-C0308A85DE43}.Release|Any CPU.ActiveCfg = Release|Any CPU
		{1833E659-16D9-4809-BE7D-C0308A85DE43}.Release|Any CPU.Build.0 = Release|Any CPU
		{1833E659-16D9-4809-BE7D-C0308A85DE43}.Release|x64.ActiveCfg = Release|Any CPU
		{1833E659-16D9-4809-BE7D-C0308A85DE43}.Release|x64.Build.0 = Release|Any CPU
		{1833E659-16D9-4809-BE7D-C0308A85DE43}.Release|x86.ActiveCfg = Release|Any CPU
		{1833E659-16D9-4809-BE7D-C0308A85DE43}.Release|x86.Build.0 = Release|Any CPU
		{0105D430-5D57-474E-B208-FD46C8B9F34D}.Debug|Any CPU.ActiveCfg = Debug|Any CPU
		{0105D430-5D57-474E-B208-FD46C8B9F34D}.Debug|Any CPU.Build.0 = Debug|Any CPU
		{0105D430-5D57-474E-B208-FD46C8B9F34D}.Debug|x64.ActiveCfg = Debug|Any CPU
		{0105D430-5D57-474E-B208-FD46C8B9F34D}.Debug|x64.Build.0 = Debug|Any CPU
		{0105D430-5D57-474E-B208-FD46C8B9F34D}.Debug|x86.ActiveCfg = Debug|Any CPU
		{0105D430-5D57-474E-B208-FD46C8B9F34D}.Debug|x86.Build.0 = Debug|Any CPU
		{0105D430-5D57-474E-B208-FD46C8B9F34D}.Release|Any CPU.ActiveCfg = Release|Any CPU
		{0105D430-5D57-474E-B208-FD46C8B9F34D}.Release|Any CPU.Build.0 = Release|Any CPU
		{0105D430-5D57-474E-B208-FD46C8B9F34D}.Release|x64.ActiveCfg = Release|Any CPU
		{0105D430-5D57-474E-B208-FD46C8B9F34D}.Release|x64.Build.0 = Release|Any CPU
		{0105D430-5D57-474E-B208-FD46C8B9F34D}.Release|x86.ActiveCfg = Release|Any CPU
		{0105D430-5D57-474E-B208-FD46C8B9F34D}.Release|x86.Build.0 = Release|Any CPU
		{C2245CA6-E559-436D-9A8F-475037D1DC7B}.Debug|Any CPU.ActiveCfg = Debug|Any CPU
		{C2245CA6-E559-436D-9A8F-475037D1DC7B}.Debug|Any CPU.Build.0 = Debug|Any CPU
		{C2245CA6-E559-436D-9A8F-475037D1DC7B}.Debug|x64.ActiveCfg = Debug|Any CPU
		{C2245CA6-E559-436D-9A8F-475037D1DC7B}.Debug|x64.Build.0 = Debug|Any CPU
		{C2245CA6-E559-436D-9A8F-475037D1DC7B}.Debug|x86.ActiveCfg = Debug|Any CPU
		{C2245CA6-E559-436D-9A8F-475037D1DC7B}.Debug|x86.Build.0 = Debug|Any CPU
		{C2245CA6-E559-436D-9A8F-475037D1DC7B}.Release|Any CPU.ActiveCfg = Release|Any CPU
		{C2245CA6-E559-436D-9A8F-475037D1DC7B}.Release|Any CPU.Build.0 = Release|Any CPU
		{C2245CA6-E559-436D-9A8F-475037D1DC7B}.Release|x64.ActiveCfg = Release|Any CPU
		{C2245CA6-E559-436D-9A8F-475037D1DC7B}.Release|x64.Build.0 = Release|Any CPU
		{C2245CA6-E559-436D-9A8F-475037D1DC7B}.Release|x86.ActiveCfg = Release|Any CPU
		{C2245CA6-E559-436D-9A8F-475037D1DC7B}.Release|x86.Build.0 = Release|Any CPU
		{393B0BE7-049A-41EE-AE5A-1A7671CB4800}.Debug|Any CPU.ActiveCfg = Debug|Any CPU
		{393B0BE7-049A-41EE-AE5A-1A7671CB4800}.Debug|Any CPU.Build.0 = Debug|Any CPU
		{393B0BE7-049A-41EE-AE5A-1A7671CB4800}.Debug|x64.ActiveCfg = Debug|Any CPU
		{393B0BE7-049A-41EE-AE5A-1A7671CB4800}.Debug|x64.Build.0 = Debug|Any CPU
		{393B0BE7-049A-41EE-AE5A-1A7671CB4800}.Debug|x86.ActiveCfg = Debug|Any CPU
		{393B0BE7-049A-41EE-AE5A-1A7671CB4800}.Debug|x86.Build.0 = Debug|Any CPU
		{393B0BE7-049A-41EE-AE5A-1A7671CB4800}.Release|Any CPU.ActiveCfg = Release|Any CPU
		{393B0BE7-049A-41EE-AE5A-1A7671CB4800}.Release|Any CPU.Build.0 = Release|Any CPU
		{393B0BE7-049A-41EE-AE5A-1A7671CB4800}.Release|x64.ActiveCfg = Release|Any CPU
		{393B0BE7-049A-41EE-AE5A-1A7671CB4800}.Release|x64.Build.0 = Release|Any CPU
		{393B0BE7-049A-41EE-AE5A-1A7671CB4800}.Release|x86.ActiveCfg = Release|Any CPU
		{393B0BE7-049A-41EE-AE5A-1A7671CB4800}.Release|x86.Build.0 = Release|Any CPU
		{503BA879-6FFF-4110-99CC-E3BB5339B6F5}.Debug|Any CPU.ActiveCfg = Debug|Any CPU
		{503BA879-6FFF-4110-99CC-E3BB5339B6F5}.Debug|Any CPU.Build.0 = Debug|Any CPU
		{503BA879-6FFF-4110-99CC-E3BB5339B6F5}.Debug|x64.ActiveCfg = Debug|Any CPU
		{503BA879-6FFF-4110-99CC-E3BB5339B6F5}.Debug|x64.Build.0 = Debug|Any CPU
		{503BA879-6FFF-4110-99CC-E3BB5339B6F5}.Debug|x86.ActiveCfg = Debug|Any CPU
		{503BA879-6FFF-4110-99CC-E3BB5339B6F5}.Debug|x86.Build.0 = Debug|Any CPU
		{503BA879-6FFF-4110-99CC-E3BB5339B6F5}.Release|Any CPU.ActiveCfg = Release|Any CPU
		{503BA879-6FFF-4110-99CC-E3BB5339B6F5}.Release|Any CPU.Build.0 = Release|Any CPU
		{503BA879-6FFF-4110-99CC-E3BB5339B6F5}.Release|x64.ActiveCfg = Release|Any CPU
		{503BA879-6FFF-4110-99CC-E3BB5339B6F5}.Release|x64.Build.0 = Release|Any CPU
		{503BA879-6FFF-4110-99CC-E3BB5339B6F5}.Release|x86.ActiveCfg = Release|Any CPU
		{503BA879-6FFF-4110-99CC-E3BB5339B6F5}.Release|x86.Build.0 = Release|Any CPU
		{CABD199E-2D52-440F-9FFA-708F532CB698}.Debug|Any CPU.ActiveCfg = Debug|Any CPU
		{CABD199E-2D52-440F-9FFA-708F532CB698}.Debug|Any CPU.Build.0 = Debug|Any CPU
		{CABD199E-2D52-440F-9FFA-708F532CB698}.Debug|x64.ActiveCfg = Debug|Any CPU
		{CABD199E-2D52-440F-9FFA-708F532CB698}.Debug|x64.Build.0 = Debug|Any CPU
		{CABD199E-2D52-440F-9FFA-708F532CB698}.Debug|x86.ActiveCfg = Debug|Any CPU
		{CABD199E-2D52-440F-9FFA-708F532CB698}.Debug|x86.Build.0 = Debug|Any CPU
		{CABD199E-2D52-440F-9FFA-708F532CB698}.Release|Any CPU.ActiveCfg = Release|Any CPU
		{CABD199E-2D52-440F-9FFA-708F532CB698}.Release|Any CPU.Build.0 = Release|Any CPU
		{CABD199E-2D52-440F-9FFA-708F532CB698}.Release|x64.ActiveCfg = Release|Any CPU
		{CABD199E-2D52-440F-9FFA-708F532CB698}.Release|x64.Build.0 = Release|Any CPU
		{CABD199E-2D52-440F-9FFA-708F532CB698}.Release|x86.ActiveCfg = Release|Any CPU
		{CABD199E-2D52-440F-9FFA-708F532CB698}.Release|x86.Build.0 = Release|Any CPU
		{BD6ACC9A-0F09-4455-AB87-7899A57A88BB}.Debug|Any CPU.ActiveCfg = Debug|Any CPU
		{BD6ACC9A-0F09-4455-AB87-7899A57A88BB}.Debug|Any CPU.Build.0 = Debug|Any CPU
		{BD6ACC9A-0F09-4455-AB87-7899A57A88BB}.Debug|x64.ActiveCfg = Debug|Any CPU
		{BD6ACC9A-0F09-4455-AB87-7899A57A88BB}.Debug|x64.Build.0 = Debug|Any CPU
		{BD6ACC9A-0F09-4455-AB87-7899A57A88BB}.Debug|x86.ActiveCfg = Debug|Any CPU
		{BD6ACC9A-0F09-4455-AB87-7899A57A88BB}.Debug|x86.Build.0 = Debug|Any CPU
		{BD6ACC9A-0F09-4455-AB87-7899A57A88BB}.Release|Any CPU.ActiveCfg = Release|Any CPU
		{BD6ACC9A-0F09-4455-AB87-7899A57A88BB}.Release|Any CPU.Build.0 = Release|Any CPU
		{BD6ACC9A-0F09-4455-AB87-7899A57A88BB}.Release|x64.ActiveCfg = Release|Any CPU
		{BD6ACC9A-0F09-4455-AB87-7899A57A88BB}.Release|x64.Build.0 = Release|Any CPU
		{BD6ACC9A-0F09-4455-AB87-7899A57A88BB}.Release|x86.ActiveCfg = Release|Any CPU
		{BD6ACC9A-0F09-4455-AB87-7899A57A88BB}.Release|x86.Build.0 = Release|Any CPU
		{8AC94C86-42BF-4827-B5E7-FEFA0D0F868C}.Debug|Any CPU.ActiveCfg = Debug|Any CPU
		{8AC94C86-42BF-4827-B5E7-FEFA0D0F868C}.Debug|Any CPU.Build.0 = Debug|Any CPU
		{8AC94C86-42BF-4827-B5E7-FEFA0D0F868C}.Debug|x64.ActiveCfg = Debug|Any CPU
		{8AC94C86-42BF-4827-B5E7-FEFA0D0F868C}.Debug|x64.Build.0 = Debug|Any CPU
		{8AC94C86-42BF-4827-B5E7-FEFA0D0F868C}.Debug|x86.ActiveCfg = Debug|Any CPU
		{8AC94C86-42BF-4827-B5E7-FEFA0D0F868C}.Debug|x86.Build.0 = Debug|Any CPU
		{8AC94C86-42BF-4827-B5E7-FEFA0D0F868C}.Release|Any CPU.ActiveCfg = Release|Any CPU
		{8AC94C86-42BF-4827-B5E7-FEFA0D0F868C}.Release|Any CPU.Build.0 = Release|Any CPU
		{8AC94C86-42BF-4827-B5E7-FEFA0D0F868C}.Release|x64.ActiveCfg = Release|Any CPU
		{8AC94C86-42BF-4827-B5E7-FEFA0D0F868C}.Release|x64.Build.0 = Release|Any CPU
		{8AC94C86-42BF-4827-B5E7-FEFA0D0F868C}.Release|x86.ActiveCfg = Release|Any CPU
		{8AC94C86-42BF-4827-B5E7-FEFA0D0F868C}.Release|x86.Build.0 = Release|Any CPU
		{73536BE0-6565-4F13-A35F-1F1897B3019F}.Debug|Any CPU.ActiveCfg = Debug|Any CPU
		{73536BE0-6565-4F13-A35F-1F1897B3019F}.Debug|Any CPU.Build.0 = Debug|Any CPU
		{73536BE0-6565-4F13-A35F-1F1897B3019F}.Debug|x64.ActiveCfg = Debug|Any CPU
		{73536BE0-6565-4F13-A35F-1F1897B3019F}.Debug|x64.Build.0 = Debug|Any CPU
		{73536BE0-6565-4F13-A35F-1F1897B3019F}.Debug|x86.ActiveCfg = Debug|Any CPU
		{73536BE0-6565-4F13-A35F-1F1897B3019F}.Debug|x86.Build.0 = Debug|Any CPU
		{73536BE0-6565-4F13-A35F-1F1897B3019F}.Release|Any CPU.ActiveCfg = Release|Any CPU
		{73536BE0-6565-4F13-A35F-1F1897B3019F}.Release|Any CPU.Build.0 = Release|Any CPU
		{73536BE0-6565-4F13-A35F-1F1897B3019F}.Release|x64.ActiveCfg = Release|Any CPU
		{73536BE0-6565-4F13-A35F-1F1897B3019F}.Release|x64.Build.0 = Release|Any CPU
		{73536BE0-6565-4F13-A35F-1F1897B3019F}.Release|x86.ActiveCfg = Release|Any CPU
		{73536BE0-6565-4F13-A35F-1F1897B3019F}.Release|x86.Build.0 = Release|Any CPU
		{6E295509-E9A6-4379-B387-1E371E8C4838}.Debug|Any CPU.ActiveCfg = Debug|Any CPU
		{6E295509-E9A6-4379-B387-1E371E8C4838}.Debug|Any CPU.Build.0 = Debug|Any CPU
		{6E295509-E9A6-4379-B387-1E371E8C4838}.Debug|x64.ActiveCfg = Debug|Any CPU
		{6E295509-E9A6-4379-B387-1E371E8C4838}.Debug|x64.Build.0 = Debug|Any CPU
		{6E295509-E9A6-4379-B387-1E371E8C4838}.Debug|x86.ActiveCfg = Debug|Any CPU
		{6E295509-E9A6-4379-B387-1E371E8C4838}.Debug|x86.Build.0 = Debug|Any CPU
		{6E295509-E9A6-4379-B387-1E371E8C4838}.Release|Any CPU.ActiveCfg = Release|Any CPU
		{6E295509-E9A6-4379-B387-1E371E8C4838}.Release|Any CPU.Build.0 = Release|Any CPU
		{6E295509-E9A6-4379-B387-1E371E8C4838}.Release|x64.ActiveCfg = Release|Any CPU
		{6E295509-E9A6-4379-B387-1E371E8C4838}.Release|x64.Build.0 = Release|Any CPU
		{6E295509-E9A6-4379-B387-1E371E8C4838}.Release|x86.ActiveCfg = Release|Any CPU
		{6E295509-E9A6-4379-B387-1E371E8C4838}.Release|x86.Build.0 = Release|Any CPU
		{931EE38C-11DA-4159-8FD6-D06121E55477}.Debug|Any CPU.ActiveCfg = Debug|Any CPU
		{931EE38C-11DA-4159-8FD6-D06121E55477}.Debug|Any CPU.Build.0 = Debug|Any CPU
		{931EE38C-11DA-4159-8FD6-D06121E55477}.Debug|x64.ActiveCfg = Debug|Any CPU
		{931EE38C-11DA-4159-8FD6-D06121E55477}.Debug|x64.Build.0 = Debug|Any CPU
		{931EE38C-11DA-4159-8FD6-D06121E55477}.Debug|x86.ActiveCfg = Debug|Any CPU
		{931EE38C-11DA-4159-8FD6-D06121E55477}.Debug|x86.Build.0 = Debug|Any CPU
		{931EE38C-11DA-4159-8FD6-D06121E55477}.Release|Any CPU.ActiveCfg = Release|Any CPU
		{931EE38C-11DA-4159-8FD6-D06121E55477}.Release|Any CPU.Build.0 = Release|Any CPU
		{931EE38C-11DA-4159-8FD6-D06121E55477}.Release|x64.ActiveCfg = Release|Any CPU
		{931EE38C-11DA-4159-8FD6-D06121E55477}.Release|x64.Build.0 = Release|Any CPU
		{931EE38C-11DA-4159-8FD6-D06121E55477}.Release|x86.ActiveCfg = Release|Any CPU
		{931EE38C-11DA-4159-8FD6-D06121E55477}.Release|x86.Build.0 = Release|Any CPU
		{617059DE-D374-430C-BB3A-F4DF8DA46648}.Debug|Any CPU.ActiveCfg = Debug|Any CPU
		{617059DE-D374-430C-BB3A-F4DF8DA46648}.Debug|Any CPU.Build.0 = Debug|Any CPU
		{617059DE-D374-430C-BB3A-F4DF8DA46648}.Debug|x64.ActiveCfg = Debug|Any CPU
		{617059DE-D374-430C-BB3A-F4DF8DA46648}.Debug|x64.Build.0 = Debug|Any CPU
		{617059DE-D374-430C-BB3A-F4DF8DA46648}.Debug|x86.ActiveCfg = Debug|Any CPU
		{617059DE-D374-430C-BB3A-F4DF8DA46648}.Debug|x86.Build.0 = Debug|Any CPU
		{617059DE-D374-430C-BB3A-F4DF8DA46648}.Release|Any CPU.ActiveCfg = Release|Any CPU
		{617059DE-D374-430C-BB3A-F4DF8DA46648}.Release|Any CPU.Build.0 = Release|Any CPU
		{617059DE-D374-430C-BB3A-F4DF8DA46648}.Release|x64.ActiveCfg = Release|Any CPU
		{617059DE-D374-430C-BB3A-F4DF8DA46648}.Release|x64.Build.0 = Release|Any CPU
		{617059DE-D374-430C-BB3A-F4DF8DA46648}.Release|x86.ActiveCfg = Release|Any CPU
		{617059DE-D374-430C-BB3A-F4DF8DA46648}.Release|x86.Build.0 = Release|Any CPU
		{6BE91C2F-892C-4B32-AE71-E4A06641D1B1}.Debug|Any CPU.ActiveCfg = Debug|Any CPU
		{6BE91C2F-892C-4B32-AE71-E4A06641D1B1}.Debug|Any CPU.Build.0 = Debug|Any CPU
		{6BE91C2F-892C-4B32-AE71-E4A06641D1B1}.Debug|x64.ActiveCfg = Debug|Any CPU
		{6BE91C2F-892C-4B32-AE71-E4A06641D1B1}.Debug|x64.Build.0 = Debug|Any CPU
		{6BE91C2F-892C-4B32-AE71-E4A06641D1B1}.Debug|x86.ActiveCfg = Debug|Any CPU
		{6BE91C2F-892C-4B32-AE71-E4A06641D1B1}.Debug|x86.Build.0 = Debug|Any CPU
		{6BE91C2F-892C-4B32-AE71-E4A06641D1B1}.Release|Any CPU.ActiveCfg = Release|Any CPU
		{6BE91C2F-892C-4B32-AE71-E4A06641D1B1}.Release|Any CPU.Build.0 = Release|Any CPU
		{6BE91C2F-892C-4B32-AE71-E4A06641D1B1}.Release|x64.ActiveCfg = Release|Any CPU
		{6BE91C2F-892C-4B32-AE71-E4A06641D1B1}.Release|x64.Build.0 = Release|Any CPU
		{6BE91C2F-892C-4B32-AE71-E4A06641D1B1}.Release|x86.ActiveCfg = Release|Any CPU
		{6BE91C2F-892C-4B32-AE71-E4A06641D1B1}.Release|x86.Build.0 = Release|Any CPU
		{3FFF661A-70EB-4265-B233-B6050D20DB4D}.Debug|Any CPU.ActiveCfg = Debug|Any CPU
		{3FFF661A-70EB-4265-B233-B6050D20DB4D}.Debug|Any CPU.Build.0 = Debug|Any CPU
		{3FFF661A-70EB-4265-B233-B6050D20DB4D}.Debug|x64.ActiveCfg = Debug|Any CPU
		{3FFF661A-70EB-4265-B233-B6050D20DB4D}.Debug|x64.Build.0 = Debug|Any CPU
		{3FFF661A-70EB-4265-B233-B6050D20DB4D}.Debug|x86.ActiveCfg = Debug|Any CPU
		{3FFF661A-70EB-4265-B233-B6050D20DB4D}.Debug|x86.Build.0 = Debug|Any CPU
		{3FFF661A-70EB-4265-B233-B6050D20DB4D}.Release|Any CPU.ActiveCfg = Release|Any CPU
		{3FFF661A-70EB-4265-B233-B6050D20DB4D}.Release|Any CPU.Build.0 = Release|Any CPU
		{3FFF661A-70EB-4265-B233-B6050D20DB4D}.Release|x64.ActiveCfg = Release|Any CPU
		{3FFF661A-70EB-4265-B233-B6050D20DB4D}.Release|x64.Build.0 = Release|Any CPU
		{3FFF661A-70EB-4265-B233-B6050D20DB4D}.Release|x86.ActiveCfg = Release|Any CPU
		{3FFF661A-70EB-4265-B233-B6050D20DB4D}.Release|x86.Build.0 = Release|Any CPU
		{2491ABAA-191D-437A-A4DC-DFE350CEB3F6}.Debug|Any CPU.ActiveCfg = Debug|Any CPU
		{2491ABAA-191D-437A-A4DC-DFE350CEB3F6}.Debug|Any CPU.Build.0 = Debug|Any CPU
		{2491ABAA-191D-437A-A4DC-DFE350CEB3F6}.Debug|x64.ActiveCfg = Debug|Any CPU
		{2491ABAA-191D-437A-A4DC-DFE350CEB3F6}.Debug|x64.Build.0 = Debug|Any CPU
		{2491ABAA-191D-437A-A4DC-DFE350CEB3F6}.Debug|x86.ActiveCfg = Debug|Any CPU
		{2491ABAA-191D-437A-A4DC-DFE350CEB3F6}.Debug|x86.Build.0 = Debug|Any CPU
		{2491ABAA-191D-437A-A4DC-DFE350CEB3F6}.Release|Any CPU.ActiveCfg = Release|Any CPU
		{2491ABAA-191D-437A-A4DC-DFE350CEB3F6}.Release|Any CPU.Build.0 = Release|Any CPU
		{2491ABAA-191D-437A-A4DC-DFE350CEB3F6}.Release|x64.ActiveCfg = Release|Any CPU
		{2491ABAA-191D-437A-A4DC-DFE350CEB3F6}.Release|x64.Build.0 = Release|Any CPU
		{2491ABAA-191D-437A-A4DC-DFE350CEB3F6}.Release|x86.ActiveCfg = Release|Any CPU
		{2491ABAA-191D-437A-A4DC-DFE350CEB3F6}.Release|x86.Build.0 = Release|Any CPU
		{4E6F3567-0E31-45A2-B357-3F89938CA9FF}.Debug|Any CPU.ActiveCfg = Debug|Any CPU
		{4E6F3567-0E31-45A2-B357-3F89938CA9FF}.Debug|Any CPU.Build.0 = Debug|Any CPU
		{4E6F3567-0E31-45A2-B357-3F89938CA9FF}.Debug|x64.ActiveCfg = Debug|Any CPU
		{4E6F3567-0E31-45A2-B357-3F89938CA9FF}.Debug|x64.Build.0 = Debug|Any CPU
		{4E6F3567-0E31-45A2-B357-3F89938CA9FF}.Debug|x86.ActiveCfg = Debug|Any CPU
		{4E6F3567-0E31-45A2-B357-3F89938CA9FF}.Debug|x86.Build.0 = Debug|Any CPU
		{4E6F3567-0E31-45A2-B357-3F89938CA9FF}.Release|Any CPU.ActiveCfg = Release|Any CPU
		{4E6F3567-0E31-45A2-B357-3F89938CA9FF}.Release|Any CPU.Build.0 = Release|Any CPU
		{4E6F3567-0E31-45A2-B357-3F89938CA9FF}.Release|x64.ActiveCfg = Release|Any CPU
		{4E6F3567-0E31-45A2-B357-3F89938CA9FF}.Release|x64.Build.0 = Release|Any CPU
		{4E6F3567-0E31-45A2-B357-3F89938CA9FF}.Release|x86.ActiveCfg = Release|Any CPU
		{4E6F3567-0E31-45A2-B357-3F89938CA9FF}.Release|x86.Build.0 = Release|Any CPU
		{FFD091BB-5122-46B4-A23F-7C5040AACEBC}.Debug|Any CPU.ActiveCfg = Debug|Any CPU
		{FFD091BB-5122-46B4-A23F-7C5040AACEBC}.Debug|Any CPU.Build.0 = Debug|Any CPU
		{FFD091BB-5122-46B4-A23F-7C5040AACEBC}.Debug|x64.ActiveCfg = Debug|Any CPU
		{FFD091BB-5122-46B4-A23F-7C5040AACEBC}.Debug|x64.Build.0 = Debug|Any CPU
		{FFD091BB-5122-46B4-A23F-7C5040AACEBC}.Debug|x86.ActiveCfg = Debug|Any CPU
		{FFD091BB-5122-46B4-A23F-7C5040AACEBC}.Debug|x86.Build.0 = Debug|Any CPU
		{FFD091BB-5122-46B4-A23F-7C5040AACEBC}.Release|Any CPU.ActiveCfg = Release|Any CPU
		{FFD091BB-5122-46B4-A23F-7C5040AACEBC}.Release|Any CPU.Build.0 = Release|Any CPU
		{FFD091BB-5122-46B4-A23F-7C5040AACEBC}.Release|x64.ActiveCfg = Release|Any CPU
		{FFD091BB-5122-46B4-A23F-7C5040AACEBC}.Release|x64.Build.0 = Release|Any CPU
		{FFD091BB-5122-46B4-A23F-7C5040AACEBC}.Release|x86.ActiveCfg = Release|Any CPU
		{FFD091BB-5122-46B4-A23F-7C5040AACEBC}.Release|x86.Build.0 = Release|Any CPU
		{61FCA554-92D0-477B-BA33-653FE94697A4}.Debug|Any CPU.ActiveCfg = Debug|Any CPU
		{61FCA554-92D0-477B-BA33-653FE94697A4}.Debug|Any CPU.Build.0 = Debug|Any CPU
		{61FCA554-92D0-477B-BA33-653FE94697A4}.Debug|x64.ActiveCfg = Debug|Any CPU
		{61FCA554-92D0-477B-BA33-653FE94697A4}.Debug|x64.Build.0 = Debug|Any CPU
		{61FCA554-92D0-477B-BA33-653FE94697A4}.Debug|x86.ActiveCfg = Debug|Any CPU
		{61FCA554-92D0-477B-BA33-653FE94697A4}.Debug|x86.Build.0 = Debug|Any CPU
		{61FCA554-92D0-477B-BA33-653FE94697A4}.Release|Any CPU.ActiveCfg = Release|Any CPU
		{61FCA554-92D0-477B-BA33-653FE94697A4}.Release|Any CPU.Build.0 = Release|Any CPU
		{61FCA554-92D0-477B-BA33-653FE94697A4}.Release|x64.ActiveCfg = Release|Any CPU
		{61FCA554-92D0-477B-BA33-653FE94697A4}.Release|x64.Build.0 = Release|Any CPU
		{61FCA554-92D0-477B-BA33-653FE94697A4}.Release|x86.ActiveCfg = Release|Any CPU
		{61FCA554-92D0-477B-BA33-653FE94697A4}.Release|x86.Build.0 = Release|Any CPU
		{C0057A3D-65C1-4674-93F0-ADD78BD84AF8}.Debug|Any CPU.ActiveCfg = Debug|Any CPU
		{C0057A3D-65C1-4674-93F0-ADD78BD84AF8}.Debug|Any CPU.Build.0 = Debug|Any CPU
		{C0057A3D-65C1-4674-93F0-ADD78BD84AF8}.Debug|x64.ActiveCfg = Debug|Any CPU
		{C0057A3D-65C1-4674-93F0-ADD78BD84AF8}.Debug|x64.Build.0 = Debug|Any CPU
		{C0057A3D-65C1-4674-93F0-ADD78BD84AF8}.Debug|x86.ActiveCfg = Debug|Any CPU
		{C0057A3D-65C1-4674-93F0-ADD78BD84AF8}.Debug|x86.Build.0 = Debug|Any CPU
		{C0057A3D-65C1-4674-93F0-ADD78BD84AF8}.Release|Any CPU.ActiveCfg = Release|Any CPU
		{C0057A3D-65C1-4674-93F0-ADD78BD84AF8}.Release|Any CPU.Build.0 = Release|Any CPU
		{C0057A3D-65C1-4674-93F0-ADD78BD84AF8}.Release|x64.ActiveCfg = Release|Any CPU
		{C0057A3D-65C1-4674-93F0-ADD78BD84AF8}.Release|x64.Build.0 = Release|Any CPU
		{C0057A3D-65C1-4674-93F0-ADD78BD84AF8}.Release|x86.ActiveCfg = Release|Any CPU
		{C0057A3D-65C1-4674-93F0-ADD78BD84AF8}.Release|x86.Build.0 = Release|Any CPU
		{BA00E56F-4A87-426A-8355-264E8DB76DFF}.Debug|Any CPU.ActiveCfg = Debug|Any CPU
		{BA00E56F-4A87-426A-8355-264E8DB76DFF}.Debug|Any CPU.Build.0 = Debug|Any CPU
		{BA00E56F-4A87-426A-8355-264E8DB76DFF}.Debug|x64.ActiveCfg = Debug|Any CPU
		{BA00E56F-4A87-426A-8355-264E8DB76DFF}.Debug|x64.Build.0 = Debug|Any CPU
		{BA00E56F-4A87-426A-8355-264E8DB76DFF}.Debug|x86.ActiveCfg = Debug|Any CPU
		{BA00E56F-4A87-426A-8355-264E8DB76DFF}.Debug|x86.Build.0 = Debug|Any CPU
		{BA00E56F-4A87-426A-8355-264E8DB76DFF}.Release|Any CPU.ActiveCfg = Release|Any CPU
		{BA00E56F-4A87-426A-8355-264E8DB76DFF}.Release|Any CPU.Build.0 = Release|Any CPU
		{BA00E56F-4A87-426A-8355-264E8DB76DFF}.Release|x64.ActiveCfg = Release|Any CPU
		{BA00E56F-4A87-426A-8355-264E8DB76DFF}.Release|x64.Build.0 = Release|Any CPU
		{BA00E56F-4A87-426A-8355-264E8DB76DFF}.Release|x86.ActiveCfg = Release|Any CPU
		{BA00E56F-4A87-426A-8355-264E8DB76DFF}.Release|x86.Build.0 = Release|Any CPU
		{60A58331-E7A5-4B27-BA6E-9C1FD7AD17E3}.Debug|Any CPU.ActiveCfg = Debug|Any CPU
		{60A58331-E7A5-4B27-BA6E-9C1FD7AD17E3}.Debug|Any CPU.Build.0 = Debug|Any CPU
		{60A58331-E7A5-4B27-BA6E-9C1FD7AD17E3}.Debug|x64.ActiveCfg = Debug|Any CPU
		{60A58331-E7A5-4B27-BA6E-9C1FD7AD17E3}.Debug|x64.Build.0 = Debug|Any CPU
		{60A58331-E7A5-4B27-BA6E-9C1FD7AD17E3}.Debug|x86.ActiveCfg = Debug|Any CPU
		{60A58331-E7A5-4B27-BA6E-9C1FD7AD17E3}.Debug|x86.Build.0 = Debug|Any CPU
		{60A58331-E7A5-4B27-BA6E-9C1FD7AD17E3}.Release|Any CPU.ActiveCfg = Release|Any CPU
		{60A58331-E7A5-4B27-BA6E-9C1FD7AD17E3}.Release|Any CPU.Build.0 = Release|Any CPU
		{60A58331-E7A5-4B27-BA6E-9C1FD7AD17E3}.Release|x64.ActiveCfg = Release|Any CPU
		{60A58331-E7A5-4B27-BA6E-9C1FD7AD17E3}.Release|x64.Build.0 = Release|Any CPU
		{60A58331-E7A5-4B27-BA6E-9C1FD7AD17E3}.Release|x86.ActiveCfg = Release|Any CPU
		{60A58331-E7A5-4B27-BA6E-9C1FD7AD17E3}.Release|x86.Build.0 = Release|Any CPU
		{83E3EA30-EDF2-419C-A581-87CC79CF90D1}.Debug|Any CPU.ActiveCfg = Debug|Any CPU
		{83E3EA30-EDF2-419C-A581-87CC79CF90D1}.Debug|Any CPU.Build.0 = Debug|Any CPU
		{83E3EA30-EDF2-419C-A581-87CC79CF90D1}.Debug|x64.ActiveCfg = Debug|Any CPU
		{83E3EA30-EDF2-419C-A581-87CC79CF90D1}.Debug|x64.Build.0 = Debug|Any CPU
		{83E3EA30-EDF2-419C-A581-87CC79CF90D1}.Debug|x86.ActiveCfg = Debug|Any CPU
		{83E3EA30-EDF2-419C-A581-87CC79CF90D1}.Debug|x86.Build.0 = Debug|Any CPU
		{83E3EA30-EDF2-419C-A581-87CC79CF90D1}.Release|Any CPU.ActiveCfg = Release|Any CPU
		{83E3EA30-EDF2-419C-A581-87CC79CF90D1}.Release|Any CPU.Build.0 = Release|Any CPU
		{83E3EA30-EDF2-419C-A581-87CC79CF90D1}.Release|x64.ActiveCfg = Release|Any CPU
		{83E3EA30-EDF2-419C-A581-87CC79CF90D1}.Release|x64.Build.0 = Release|Any CPU
		{83E3EA30-EDF2-419C-A581-87CC79CF90D1}.Release|x86.ActiveCfg = Release|Any CPU
		{83E3EA30-EDF2-419C-A581-87CC79CF90D1}.Release|x86.Build.0 = Release|Any CPU
		{4DEE6382-E0BD-4814-A52D-E5025107CFF2}.Debug|Any CPU.ActiveCfg = Debug|Any CPU
		{4DEE6382-E0BD-4814-A52D-E5025107CFF2}.Debug|Any CPU.Build.0 = Debug|Any CPU
		{4DEE6382-E0BD-4814-A52D-E5025107CFF2}.Debug|x64.ActiveCfg = Debug|Any CPU
		{4DEE6382-E0BD-4814-A52D-E5025107CFF2}.Debug|x64.Build.0 = Debug|Any CPU
		{4DEE6382-E0BD-4814-A52D-E5025107CFF2}.Debug|x86.ActiveCfg = Debug|Any CPU
		{4DEE6382-E0BD-4814-A52D-E5025107CFF2}.Debug|x86.Build.0 = Debug|Any CPU
		{4DEE6382-E0BD-4814-A52D-E5025107CFF2}.Release|Any CPU.ActiveCfg = Release|Any CPU
		{4DEE6382-E0BD-4814-A52D-E5025107CFF2}.Release|Any CPU.Build.0 = Release|Any CPU
		{4DEE6382-E0BD-4814-A52D-E5025107CFF2}.Release|x64.ActiveCfg = Release|Any CPU
		{4DEE6382-E0BD-4814-A52D-E5025107CFF2}.Release|x64.Build.0 = Release|Any CPU
		{4DEE6382-E0BD-4814-A52D-E5025107CFF2}.Release|x86.ActiveCfg = Release|Any CPU
		{4DEE6382-E0BD-4814-A52D-E5025107CFF2}.Release|x86.Build.0 = Release|Any CPU
		{BF5F8EEE-60F6-4CC3-AF21-078E3AAC0488}.Debug|Any CPU.ActiveCfg = Debug|Any CPU
		{BF5F8EEE-60F6-4CC3-AF21-078E3AAC0488}.Debug|Any CPU.Build.0 = Debug|Any CPU
		{BF5F8EEE-60F6-4CC3-AF21-078E3AAC0488}.Debug|x64.ActiveCfg = Debug|Any CPU
		{BF5F8EEE-60F6-4CC3-AF21-078E3AAC0488}.Debug|x64.Build.0 = Debug|Any CPU
		{BF5F8EEE-60F6-4CC3-AF21-078E3AAC0488}.Debug|x86.ActiveCfg = Debug|Any CPU
		{BF5F8EEE-60F6-4CC3-AF21-078E3AAC0488}.Debug|x86.Build.0 = Debug|Any CPU
		{BF5F8EEE-60F6-4CC3-AF21-078E3AAC0488}.Release|Any CPU.ActiveCfg = Release|Any CPU
		{BF5F8EEE-60F6-4CC3-AF21-078E3AAC0488}.Release|Any CPU.Build.0 = Release|Any CPU
		{BF5F8EEE-60F6-4CC3-AF21-078E3AAC0488}.Release|x64.ActiveCfg = Release|Any CPU
		{BF5F8EEE-60F6-4CC3-AF21-078E3AAC0488}.Release|x64.Build.0 = Release|Any CPU
		{BF5F8EEE-60F6-4CC3-AF21-078E3AAC0488}.Release|x86.ActiveCfg = Release|Any CPU
		{BF5F8EEE-60F6-4CC3-AF21-078E3AAC0488}.Release|x86.Build.0 = Release|Any CPU
		{F8F0B2CB-77AE-4B08-874C-9D82EB6BBC8C}.Debug|Any CPU.ActiveCfg = Debug|Any CPU
		{F8F0B2CB-77AE-4B08-874C-9D82EB6BBC8C}.Debug|Any CPU.Build.0 = Debug|Any CPU
		{F8F0B2CB-77AE-4B08-874C-9D82EB6BBC8C}.Debug|x64.ActiveCfg = Debug|Any CPU
		{F8F0B2CB-77AE-4B08-874C-9D82EB6BBC8C}.Debug|x64.Build.0 = Debug|Any CPU
		{F8F0B2CB-77AE-4B08-874C-9D82EB6BBC8C}.Debug|x86.ActiveCfg = Debug|Any CPU
		{F8F0B2CB-77AE-4B08-874C-9D82EB6BBC8C}.Debug|x86.Build.0 = Debug|Any CPU
		{F8F0B2CB-77AE-4B08-874C-9D82EB6BBC8C}.Release|Any CPU.ActiveCfg = Release|Any CPU
		{F8F0B2CB-77AE-4B08-874C-9D82EB6BBC8C}.Release|Any CPU.Build.0 = Release|Any CPU
		{F8F0B2CB-77AE-4B08-874C-9D82EB6BBC8C}.Release|x64.ActiveCfg = Release|Any CPU
		{F8F0B2CB-77AE-4B08-874C-9D82EB6BBC8C}.Release|x64.Build.0 = Release|Any CPU
		{F8F0B2CB-77AE-4B08-874C-9D82EB6BBC8C}.Release|x86.ActiveCfg = Release|Any CPU
		{F8F0B2CB-77AE-4B08-874C-9D82EB6BBC8C}.Release|x86.Build.0 = Release|Any CPU
	EndGlobalSection
	GlobalSection(SolutionProperties) = preSolution
		HideSolutionNode = FALSE
	EndGlobalSection
	GlobalSection(NestedProjects) = preSolution
		{1833E659-16D9-4809-BE7D-C0308A85DE43} = {827E0CD3-B72D-47B6-A68D-7590B98EB39B}
		{0105D430-5D57-474E-B208-FD46C8B9F34D} = {827E0CD3-B72D-47B6-A68D-7590B98EB39B}
		{C2245CA6-E559-436D-9A8F-475037D1DC7B} = {827E0CD3-B72D-47B6-A68D-7590B98EB39B}
		{393B0BE7-049A-41EE-AE5A-1A7671CB4800} = {827E0CD3-B72D-47B6-A68D-7590B98EB39B}
		{503BA879-6FFF-4110-99CC-E3BB5339B6F5} = {827E0CD3-B72D-47B6-A68D-7590B98EB39B}
		{CABD199E-2D52-440F-9FFA-708F532CB698} = {827E0CD3-B72D-47B6-A68D-7590B98EB39B}
		{BD6ACC9A-0F09-4455-AB87-7899A57A88BB} = {827E0CD3-B72D-47B6-A68D-7590B98EB39B}
		{8AC94C86-42BF-4827-B5E7-FEFA0D0F868C} = {827E0CD3-B72D-47B6-A68D-7590B98EB39B}
		{73536BE0-6565-4F13-A35F-1F1897B3019F} = {827E0CD3-B72D-47B6-A68D-7590B98EB39B}
		{6E295509-E9A6-4379-B387-1E371E8C4838} = {827E0CD3-B72D-47B6-A68D-7590B98EB39B}
		{931EE38C-11DA-4159-8FD6-D06121E55477} = {827E0CD3-B72D-47B6-A68D-7590B98EB39B}
		{617059DE-D374-430C-BB3A-F4DF8DA46648} = {827E0CD3-B72D-47B6-A68D-7590B98EB39B}
		{6BE91C2F-892C-4B32-AE71-E4A06641D1B1} = {827E0CD3-B72D-47B6-A68D-7590B98EB39B}
		{3FFF661A-70EB-4265-B233-B6050D20DB4D} = {827E0CD3-B72D-47B6-A68D-7590B98EB39B}
		{2491ABAA-191D-437A-A4DC-DFE350CEB3F6} = {827E0CD3-B72D-47B6-A68D-7590B98EB39B}
		{4E6F3567-0E31-45A2-B357-3F89938CA9FF} = {827E0CD3-B72D-47B6-A68D-7590B98EB39B}
		{FFD091BB-5122-46B4-A23F-7C5040AACEBC} = {827E0CD3-B72D-47B6-A68D-7590B98EB39B}
		{61FCA554-92D0-477B-BA33-653FE94697A4} = {827E0CD3-B72D-47B6-A68D-7590B98EB39B}
		{C0057A3D-65C1-4674-93F0-ADD78BD84AF8} = {0AB3BF05-4346-4AA6-1389-037BE0695223}
		{BA00E56F-4A87-426A-8355-264E8DB76DFF} = {0AB3BF05-4346-4AA6-1389-037BE0695223}
		{60A58331-E7A5-4B27-BA6E-9C1FD7AD17E3} = {0AB3BF05-4346-4AA6-1389-037BE0695223}
		{83E3EA30-EDF2-419C-A581-87CC79CF90D1} = {0AB3BF05-4346-4AA6-1389-037BE0695223}
		{4DEE6382-E0BD-4814-A52D-E5025107CFF2} = {0AB3BF05-4346-4AA6-1389-037BE0695223}
		{BF5F8EEE-60F6-4CC3-AF21-078E3AAC0488} = {0AB3BF05-4346-4AA6-1389-037BE0695223}
		{F8F0B2CB-77AE-4B08-874C-9D82EB6BBC8C} = {0AB3BF05-4346-4AA6-1389-037BE0695223}
	EndGlobalSection
EndGlobal
